// !$*UTF8*$!
{
	archiveVersion = 1;
	classes = {
	};
	objectVersion = 50;
	objects = {

/* Begin PBXBuildFile section */
		D18BB1EE25B23E7400A58E59 /* AppDelegate.swift in Sources */ = {isa = PBXBuildFile; fileRef = D18BB1ED25B23E7400A58E59 /* AppDelegate.swift */; };
		D18BB1F025B23E7400A58E59 /* SceneDelegate.swift in Sources */ = {isa = PBXBuildFile; fileRef = D18BB1EF25B23E7400A58E59 /* SceneDelegate.swift */; };
		D18BB1F225B23E7400A58E59 /* ViewController.swift in Sources */ = {isa = PBXBuildFile; fileRef = D18BB1F125B23E7400A58E59 /* ViewController.swift */; };
		D18BB1F525B23E7400A58E59 /* Main.storyboard in Resources */ = {isa = PBXBuildFile; fileRef = D18BB1F325B23E7400A58E59 /* Main.storyboard */; };
		D18BB1F725B23E7600A58E59 /* Assets.xcassets in Resources */ = {isa = PBXBuildFile; fileRef = D18BB1F625B23E7600A58E59 /* Assets.xcassets */; };
		D18BB1FA25B23E7600A58E59 /* LaunchScreen.storyboard in Resources */ = {isa = PBXBuildFile; fileRef = D18BB1F825B23E7600A58E59 /* LaunchScreen.storyboard */; };
/* End PBXBuildFile section */

/* Begin PBXFileReference section */
		D18BB1EA25B23E7400A58E59 /* Recognizing speech.app */ = {isa = PBXFileReference; explicitFileType = wrapper.application; includeInIndex = 0; path = "Recognizing speech.app"; sourceTree = BUILT_PRODUCTS_DIR; };
		D18BB1ED25B23E7400A58E59 /* AppDelegate.swift */ = {isa = PBXFileReference; lastKnownFileType = sourcecode.swift; path = AppDelegate.swift; sourceTree = "<group>"; };
		D18BB1EF25B23E7400A58E59 /* SceneDelegate.swift */ = {isa = PBXFileReference; lastKnownFileType = sourcecode.swift; path = SceneDelegate.swift; sourceTree = "<group>"; };
		D18BB1F125B23E7400A58E59 /* ViewController.swift */ = {isa = PBXFileReference; lastKnownFileType = sourcecode.swift; path = ViewController.swift; sourceTree = "<group>"; };
		D18BB1F425B23E7400A58E59 /* Base */ = {isa = PBXFileReference; lastKnownFileType = file.storyboard; name = Base; path = Base.lproj/Main.storyboard; sourceTree = "<group>"; };
		D18BB1F625B23E7600A58E59 /* Assets.xcassets */ = {isa = PBXFileReference; lastKnownFileType = folder.assetcatalog; path = Assets.xcassets; sourceTree = "<group>"; };
		D18BB1F925B23E7600A58E59 /* Base */ = {isa = PBXFileReference; lastKnownFileType = file.storyboard; name = Base; path = Base.lproj/LaunchScreen.storyboard; sourceTree = "<group>"; };
		D18BB1FB25B23E7600A58E59 /* Info.plist */ = {isa = PBXFileReference; lastKnownFileType = text.plist.xml; path = Info.plist; sourceTree = "<group>"; };
/* End PBXFileReference section */

/* Begin PBXFrameworksBuildPhase section */
		D18BB1E725B23E7400A58E59 /* Frameworks */ = {
			isa = PBXFrameworksBuildPhase;
			buildActionMask = 2147483647;
			files = (
			);
			runOnlyForDeploymentPostprocessing = 0;
		};
/* End PBXFrameworksBuildPhase section */

/* Begin PBXGroup section */
		D18BB1E125B23E7400A58E59 = {
			isa = PBXGroup;
			children = (
				D18BB1EC25B23E7400A58E59 /* Recognizing speech */,
				D18BB1EB25B23E7400A58E59 /* Products */,
			);
			sourceTree = "<group>";
		};
		D18BB1EB25B23E7400A58E59 /* Products */ = {
			isa = PBXGroup;
			children = (
				D18BB1EA25B23E7400A58E59 /* Recognizing speech.app */,
			);
			name = Products;
			sourceTree = "<group>";
		};
		D18BB1EC25B23E7400A58E59 /* Recognizing speech */ = {
			isa = PBXGroup;
			children = (
				D18BB1ED25B23E7400A58E59 /* AppDelegate.swift */,
				D18BB1EF25B23E7400A58E59 /* SceneDelegate.swift */,
				D18BB1F125B23E7400A58E59 /* ViewController.swift */,
				D18BB1F325B23E7400A58E59 /* Main.storyboard */,
				D18BB1F625B23E7600A58E59 /* Assets.xcassets */,
				D18BB1F825B23E7600A58E59 /* LaunchScreen.storyboard */,
				D18BB1FB25B23E7600A58E59 /* Info.plist */,
			);
			path = "Recognizing speech";
			sourceTree = "<group>";
		};
/* End PBXGroup section */

/* Begin PBXNativeTarget section */
		D18BB1E925B23E7400A58E59 /* Recognizing speech */ = {
			isa = PBXNativeTarget;
			buildConfigurationList = D18BB1FE25B23E7600A58E59 /* Build configuration list for PBXNativeTarget "Recognizing speech" */;
			buildPhases = (
				D18BB1E625B23E7400A58E59 /* Sources */,
				D18BB1E725B23E7400A58E59 /* Frameworks */,
				D18BB1E825B23E7400A58E59 /* Resources */,
			);
			buildRules = (
			);
			dependencies = (
			);
			name = "Recognizing speech";
			productName = "Recognizing speech";
			productReference = D18BB1EA25B23E7400A58E59 /* Recognizing speech.app */;
			productType = "com.apple.product-type.application";
		};
/* End PBXNativeTarget section */

/* Begin PBXProject section */
		D18BB1E225B23E7400A58E59 /* Project object */ = {
			isa = PBXProject;
			attributes = {
				LastSwiftUpdateCheck = 1220;
				LastUpgradeCheck = 1220;
				TargetAttributes = {
					D18BB1E925B23E7400A58E59 = {
						CreatedOnToolsVersion = 12.2;
					};
				};
			};
			buildConfigurationList = D18BB1E525B23E7400A58E59 /* Build configuration list for PBXProject "Recognizing speech" */;
			compatibilityVersion = "Xcode 9.3";
			developmentRegion = en;
			hasScannedForEncodings = 0;
			knownRegions = (
				en,
				Base,
			);
			mainGroup = D18BB1E125B23E7400A58E59;
			productRefGroup = D18BB1EB25B23E7400A58E59 /* Products */;
			projectDirPath = "";
			projectRoot = "";
			targets = (
				D18BB1E925B23E7400A58E59 /* Recognizing speech */,
			);
		};
/* End PBXProject section */

/* Begin PBXResourcesBuildPhase section */
		D18BB1E825B23E7400A58E59 /* Resources */ = {
			isa = PBXResourcesBuildPhase;
			buildActionMask = 2147483647;
			files = (
				D18BB1FA25B23E7600A58E59 /* LaunchScreen.storyboard in Resources */,
				D18BB1F725B23E7600A58E59 /* Assets.xcassets in Resources */,
				D18BB1F525B23E7400A58E59 /* Main.storyboard in Resources */,
			);
			runOnlyForDeploymentPostprocessing = 0;
		};
/* End PBXResourcesBuildPhase section */

/* Begin PBXSourcesBuildPhase section */
		D18BB1E625B23E7400A58E59 /* Sources */ = {
			isa = PBXSourcesBuildPhase;
			buildActionMask = 2147483647;
			files = (
				D18BB1F225B23E7400A58E59 /* ViewController.swift in Sources */,
				D18BB1EE25B23E7400A58E59 /* AppDelegate.swift in Sources */,
				D18BB1F025B23E7400A58E59 /* SceneDelegate.swift in Sources */,
			);
			runOnlyForDeploymentPostprocessing = 0;
		};
/* End PBXSourcesBuildPhase section */

/* Begin PBXVariantGroup section */
		D18BB1F325B23E7400A58E59 /* Main.storyboard */ = {
			isa = PBXVariantGroup;
			children = (
				D18BB1F425B23E7400A58E59 /* Base */,
			);
			name = Main.storyboard;
			sourceTree = "<group>";
		};
		D18BB1F825B23E7600A58E59 /* LaunchScreen.storyboard */ = {
			isa = PBXVariantGroup;
			children = (
				D18BB1F925B23E7600A58E59 /* Base */,
			);
			name = LaunchScreen.storyboard;
			sourceTree = "<group>";
		};
/* End PBXVariantGroup section */

/* Begin XCBuildConfiguration section */
		D18BB1FC25B23E7600A58E59 /* Debug */ = {
			isa = XCBuildConfiguration;
			buildSettings = {
				ALWAYS_SEARCH_USER_PATHS = NO;
				CLANG_ANALYZER_NONNULL = YES;
				CLANG_ANALYZER_NUMBER_OBJECT_CONVERSION = YES_AGGRESSIVE;
				CLANG_CXX_LANGUAGE_STANDARD = "gnu++14";
				CLANG_CXX_LIBRARY = "libc++";
				CLANG_ENABLE_MODULES = YES;
				CLANG_ENABLE_OBJC_ARC = YES;
				CLANG_ENABLE_OBJC_WEAK = YES;
				CLANG_WARN_BLOCK_CAPTURE_AUTORELEASING = YES;
				CLANG_WARN_BOOL_CONVERSION = YES;
				CLANG_WARN_COMMA = YES;
				CLANG_WARN_CONSTANT_CONVERSION = YES;
				CLANG_WARN_DEPRECATED_OBJC_IMPLEMENTATIONS = YES;
				CLANG_WARN_DIRECT_OBJC_ISA_USAGE = YES_ERROR;
				CLANG_WARN_DOCUMENTATION_COMMENTS = YES;
				CLANG_WARN_EMPTY_BODY = YES;
				CLANG_WARN_ENUM_CONVERSION = YES;
				CLANG_WARN_INFINITE_RECURSION = YES;
				CLANG_WARN_INT_CONVERSION = YES;
				CLANG_WARN_NON_LITERAL_NULL_CONVERSION = YES;
				CLANG_WARN_OBJC_IMPLICIT_RETAIN_SELF = YES;
				CLANG_WARN_OBJC_LITERAL_CONVERSION = YES;
				CLANG_WARN_OBJC_ROOT_CLASS = YES_ERROR;
				CLANG_WARN_QUOTED_INCLUDE_IN_FRAMEWORK_HEADER = YES;
				CLANG_WARN_RANGE_LOOP_ANALYSIS = YES;
				CLANG_WARN_STRICT_PROTOTYPES = YES;
				CLANG_WARN_SUSPICIOUS_MOVE = YES;
				CLANG_WARN_UNGUARDED_AVAILABILITY = YES_AGGRESSIVE;
				CLANG_WARN_UNREACHABLE_CODE = YES;
				CLANG_WARN__DUPLICATE_METHOD_MATCH = YES;
				COPY_PHASE_STRIP = NO;
				DEBUG_INFORMATION_FORMAT = dwarf;
				ENABLE_STRICT_OBJC_MSGSEND = YES;
				ENABLE_TESTABILITY = YES;
				GCC_C_LANGUAGE_STANDARD = gnu11;
				GCC_DYNAMIC_NO_PIC = NO;
				GCC_NO_COMMON_BLOCKS = YES;
				GCC_OPTIMIZATION_LEVEL = 0;
				GCC_PREPROCESSOR_DEFINITIONS = (
					"DEBUG=1",
					"$(inherited)",
				);
				GCC_WARN_64_TO_32_BIT_CONVERSION = YES;
				GCC_WARN_ABOUT_RETURN_TYPE = YES_ERROR;
				GCC_WARN_UNDECLARED_SELECTOR = YES;
				GCC_WARN_UNINITIALIZED_AUTOS = YES_AGGRESSIVE;
				GCC_WARN_UNUSED_FUNCTION = YES;
				GCC_WARN_UNUSED_VARIABLE = YES;
				IPHONEOS_DEPLOYMENT_TARGET = 14.2;
				MTL_ENABLE_DEBUG_INFO = INCLUDE_SOURCE;
				MTL_FAST_MATH = YES;
				ONLY_ACTIVE_ARCH = YES;
				SDKROOT = iphoneos;
				SWIFT_ACTIVE_COMPILATION_CONDITIONS = DEBUG;
				SWIFT_OPTIMIZATION_LEVEL = "-Onone";
			};
			name = Debug;
		};
		D18BB1FD25B23E7600A58E59 /* Release */ = {
			isa = XCBuildConfiguration;
			buildSettings = {
				ALWAYS_SEARCH_USER_PATHS = NO;
				CLANG_ANALYZER_NONNULL = YES;
				CLANG_ANALYZER_NUMBER_OBJECT_CONVERSION = YES_AGGRESSIVE;
				CLANG_CXX_LANGUAGE_STANDARD = "gnu++14";
				CLANG_CXX_LIBRARY = "libc++";
				CLANG_ENABLE_MODULES = YES;
				CLANG_ENABLE_OBJC_ARC = YES;
				CLANG_ENABLE_OBJC_WEAK = YES;
				CLANG_WARN_BLOCK_CAPTURE_AUTORELEASING = YES;
				CLANG_WARN_BOOL_CONVERSION = YES;
				CLANG_WARN_COMMA = YES;
				CLANG_WARN_CONSTANT_CONVERSION = YES;
				CLANG_WARN_DEPRECATED_OBJC_IMPLEMENTATIONS = YES;
				CLANG_WARN_DIRECT_OBJC_ISA_USAGE = YES_ERROR;
				CLANG_WARN_DOCUMENTATION_COMMENTS = YES;
				CLANG_WARN_EMPTY_BODY = YES;
				CLANG_WARN_ENUM_CONVERSION = YES;
				CLANG_WARN_INFINITE_RECURSION = YES;
				CLANG_WARN_INT_CONVERSION = YES;
				CLANG_WARN_NON_LITERAL_NULL_CONVERSION = YES;
				CLANG_WARN_OBJC_IMPLICIT_RETAIN_SELF = YES;
				CLANG_WARN_OBJC_LITERAL_CONVERSION = YES;
				CLANG_WARN_OBJC_ROOT_CLASS = YES_ERROR;
				CLANG_WARN_QUOTED_INCLUDE_IN_FRAMEWORK_HEADER = YES;
				CLANG_WARN_RANGE_LOOP_ANALYSIS = YES;
				CLANG_WARN_STRICT_PROTOTYPES = YES;
				CLANG_WARN_SUSPICIOUS_MOVE = YES;
				CLANG_WARN_UNGUARDED_AVAILABILITY = YES_AGGRESSIVE;
				CLANG_WARN_UNREACHABLE_CODE = YES;
				CLANG_WARN__DUPLICATE_METHOD_MATCH = YES;
				COPY_PHASE_STRIP = NO;
				DEBUG_INFORMATION_FORMAT = "dwarf-with-dsym";
				ENABLE_NS_ASSERTIONS = NO;
				ENABLE_STRICT_OBJC_MSGSEND = YES;
				GCC_C_LANGUAGE_STANDARD = gnu11;
				GCC_NO_COMMON_BLOCKS = YES;
				GCC_WARN_64_TO_32_BIT_CONVERSION = YES;
				GCC_WARN_ABOUT_RETURN_TYPE = YES_ERROR;
				GCC_WARN_UNDECLARED_SELECTOR = YES;
				GCC_WARN_UNINITIALIZED_AUTOS = YES_AGGRESSIVE;
				GCC_WARN_UNUSED_FUNCTION = YES;
				GCC_WARN_UNUSED_VARIABLE = YES;
				IPHONEOS_DEPLOYMENT_TARGET = 14.2;
				MTL_ENABLE_DEBUG_INFO = NO;
				MTL_FAST_MATH = YES;
				SDKROOT = iphoneos;
				SWIFT_COMPILATION_MODE = wholemodule;
				SWIFT_OPTIMIZATION_LEVEL = "-O";
				VALIDATE_PRODUCT = YES;
			};
			name = Release;
		};
		D18BB1FF25B23E7600A58E59 /* Debug */ = {
			isa = XCBuildConfiguration;
			buildSettings = {
				ASSETCATALOG_COMPILER_APPICON_NAME = AppIcon;
				ASSETCATALOG_COMPILER_GLOBAL_ACCENT_COLOR_NAME = AccentColor;
				CODE_SIGN_STYLE = Automatic;
				INFOPLIST_FILE = "Recognizing speech/Info.plist";
				LD_RUNPATH_SEARCH_PATHS = (
					"$(inherited)",
					"@executable_path/Frameworks",
				);
				PRODUCT_BUNDLE_IDENTIFIER = "alaa.araishi.Recognizing.speech.Recognizing-speech";
				PRODUCT_NAME = "$(TARGET_NAME)";
				SWIFT_VERSION = 5.0;
				TARGETED_DEVICE_FAMILY = "1,2";
			};
			name = Debug;
		};
		D18BB20025B23E7600A58E59 /* Release */ = {
			isa = XCBuildConfiguration;
			buildSettings = {
				ASSETCATALOG_COMPILER_APPICON_NAME = AppIcon;
				ASSETCATALOG_COMPILER_GLOBAL_ACCENT_COLOR_NAME = AccentColor;
				CODE_SIGN_STYLE = Automatic;
				INFOPLIST_FILE = "Recognizing speech/Info.plist";
				LD_RUNPATH_SEARCH_PATHS = (
					"$(inherited)",
					"@executable_path/Frameworks",
				);
				PRODUCT_BUNDLE_IDENTIFIER = "alaa.araishi.Recognizing.speech.Recognizing-speech";
				PRODUCT_NAME = "$(TARGET_NAME)";
				SWIFT_VERSION = 5.0;
				TARGETED_DEVICE_FAMILY = "1,2";
			};
			name = Release;
		};
/* End XCBuildConfiguration section */

/* Begin XCConfigurationList section */
		D18BB1E525B23E7400A58E59 /* Build configuration list for PBXProject "Recognizing speech" */ = {
			isa = XCConfigurationList;
			buildConfigurations = (
				D18BB1FC25B23E7600A58E59 /* Debug */,
				D18BB1FD25B23E7600A58E59 /* Release */,
			);
			defaultConfigurationIsVisible = 0;
			defaultConfigurationName = Release;
		};
		D18BB1FE25B23E7600A58E59 /* Build configuration list for PBXNativeTarget "Recognizing speech" */ = {
			isa = XCConfigurationList;
			buildConfigurations = (
				D18BB1FF25B23E7600A58E59 /* Debug */,
				D18BB20025B23E7600A58E59 /* Release */,
			);
			defaultConfigurationIsVisible = 0;
			defaultConfigurationName = Release;
		};
/* End XCConfigurationList section */
	};
	rootObject = D18BB1E225B23E7400A58E59 /* Project object */;
}
